
Microsoft Visual Studio Solution File, Format Version 12.00
# Visual Studio 15
VisualStudioVersion = 15.0.27004.2009
MinimumVisualStudioVersion = 10.0.40219.1
Project("{FAE04EC0-301F-11D3-BF4B-00C04F79EFBC}") = "ES-Auth", "ES-Auth\ES-Auth.csproj", "{77D53EF9-B4AF-4530-83AF-8DEC5DFFF7AF}"
EndProject
Global
	GlobalSection(SolutionConfigurationPlatforms) = preSolution
		Debug|Any CPU = Debug|Any CPU
		Release|Any CPU = Release|Any CPU
	EndGlobalSection
	GlobalSection(ProjectConfigurationPlatforms) = postSolution
		{77D53EF9-B4AF-4530-83AF-8DEC5DFFF7AF}.Debug|Any CPU.ActiveCfg = Debug|Any CPU
		{77D53EF9-B4AF-4530-83AF-8DEC5DFFF7AF}.Debug|Any CPU.Build.0 = Debug|Any CPU
		{77D53EF9-B4AF-4530-83AF-8DEC5DFFF7AF}.Release|Any CPU.ActiveCfg = Release|Any CPU
		{77D53EF9-B4AF-4530-83AF-8DEC5DFFF7AF}.Release|Any CPU.Build.0 = Release|Any CPU
	EndGlobalSection
	GlobalSection(SolutionProperties) = preSolution
		HideSolutionNode = FALSE
	EndGlobalSection
	GlobalSection(ExtensibilityGlobals) = postSolution
		SolutionGuid = {32DB8B9A-3417-40BE-AD61-72CD5B51697B}
	EndGlobalSection
EndGlobal
